
Microsoft Visual Studio Solution File, Format Version 12.00
# Visual Studio 15
VisualStudioVersion = 15.0.27428.2043
MinimumVisualStudioVersion = 10.0.40219.1
Project("{FAE04EC0-301F-11D3-BF4B-00C04F79EFBC}") = "GitTest", "GitTest\GitTest.csproj", "{1252AF7E-E963-4FBF-AB9C-0E18AC8EC695}"
EndProject
Global
	GlobalSection(SolutionConfigurationPlatforms) = preSolution
		Debug|Any CPU = Debug|Any CPU
		Release|Any CPU = Release|Any CPU
	EndGlobalSection
	GlobalSection(ProjectConfigurationPlatforms) = postSolution
		{1252AF7E-E963-4FBF-AB9C-0E18AC8EC695}.Debug|Any CPU.ActiveCfg = Debug|Any CPU
		{1252AF7E-E963-4FBF-AB9C-0E18AC8EC695}.Debug|Any CPU.Build.0 = Debug|Any CPU
		{1252AF7E-E963-4FBF-AB9C-0E18AC8EC695}.Release|Any CPU.ActiveCfg = Release|Any CPU
		{1252AF7E-E963-4FBF-AB9C-0E18AC8EC695}.Release|Any CPU.Build.0 = Release|Any CPU
	EndGlobalSection
	GlobalSection(SolutionProperties) = preSolution
		HideSolutionNode = FALSE
	EndGlobalSection
	GlobalSection(ExtensibilityGlobals) = postSolution
		SolutionGuid = {042E82DC-AFBF-47E7-9F98-5845B21C82C0}
	EndGlobalSection
EndGlobal
